
Microsoft Visual Studio Solution File, Format Version 12.00
# Visual Studio Version 16
VisualStudioVersion = 16.0.31205.134
MinimumVisualStudioVersion = 10.0.40219.1
Project("{FAE04EC0-301F-11D3-BF4B-00C04F79EFBC}") = "Pattern2", "Pattern2.csproj", "{2A134AB9-B46B-4BD6-BB15-C4B243121FAC}"
EndProject
Global
	GlobalSection(SolutionConfigurationPlatforms) = preSolution
		Debug|Any CPU = Debug|Any CPU
		Release|Any CPU = Release|Any CPU
	EndGlobalSection
	GlobalSection(ProjectConfigurationPlatforms) = postSolution
		{2A134AB9-B46B-4BD6-BB15-C4B243121FAC}.Debug|Any CPU.ActiveCfg = Debug|Any CPU
		{2A134AB9-B46B-4BD6-BB15-C4B243121FAC}.Debug|Any CPU.Build.0 = Debug|Any CPU
		{2A134AB9-B46B-4BD6-BB15-C4B243121FAC}.Release|Any CPU.ActiveCfg = Release|Any CPU
		{2A134AB9-B46B-4BD6-BB15-C4B243121FAC}.Release|Any CPU.Build.0 = Release|Any CPU
	EndGlobalSection
	GlobalSection(SolutionProperties) = preSolution
		HideSolutionNode = FALSE
	EndGlobalSection
	GlobalSection(ExtensibilityGlobals) = postSolution
		SolutionGuid = {61CBD1AE-FA09-445E-BFCE-46E1DE420160}
	EndGlobalSection
EndGlobal
